
Microsoft Visual Studio Solution File, Format Version 12.00
# Visual Studio Version 16
VisualStudioVersion = 16.0.30717.126
MinimumVisualStudioVersion = 10.0.40219.1
Project("{9A19103F-16F7-4668-BE54-9A1E7A4F7556}") = "JETech.SIC.Core", "JETech.SIC.Core.csproj", "{54D41CB0-72AE-4D51-A15A-5F3CB7C206CC}"
EndProject
Global
	GlobalSection(SolutionConfigurationPlatforms) = preSolution
		Debug|Any CPU = Debug|Any CPU
		Release|Any CPU = Release|Any CPU
	EndGlobalSection
	GlobalSection(ProjectConfigurationPlatforms) = postSolution
		{54D41CB0-72AE-4D51-A15A-5F3CB7C206CC}.Debug|Any CPU.ActiveCfg = Debug|Any CPU
		{54D41CB0-72AE-4D51-A15A-5F3CB7C206CC}.Debug|Any CPU.Build.0 = Debug|Any CPU
		{54D41CB0-72AE-4D51-A15A-5F3CB7C206CC}.Release|Any CPU.ActiveCfg = Release|Any CPU
		{54D41CB0-72AE-4D51-A15A-5F3CB7C206CC}.Release|Any CPU.Build.0 = Release|Any CPU
	EndGlobalSection
	GlobalSection(SolutionProperties) = preSolution
		HideSolutionNode = FALSE
	EndGlobalSection
	GlobalSection(ExtensibilityGlobals) = postSolution
		SolutionGuid = {B0B06FAC-234A-44C7-B9D4-F4091D920205}
	EndGlobalSection
EndGlobal
